{
    "name": "node-example",
    "version": "3.0.0-alpha.0",
    "lockfileVersion": 1,
    "requires": true,
    "dependencies": {
        "@jupyterlab/coreutils": {
            "version": "5.0.0-alpha.0",
            "resolved": "https://registry.npmjs.org/@jupyterlab/coreutils/-/coreutils-5.0.0-alpha.0.tgz",
            "integrity": "sha512-uOuxQpgT05lTCDKsITqdxP+wZhTM3jv+/a/Rz0VpZffrk+pgrZg42Hplyi3kGfOmWUnVkRK2u1n248UKHri0GA==",
            "requires": {
                "@lumino/coreutils": "^1.4.2",
                "@lumino/disposable": "^1.3.5",
                "@lumino/signaling": "^1.3.5",
                "minimist": "~1.2.0",
                "moment": "^2.24.0",
                "path-posix": "~1.0.0",
                "url-parse": "~1.4.7"
            }
        },
        "@jupyterlab/nbformat": {
            "version": "3.0.0-alpha.0",
            "resolved": "https://registry.npmjs.org/@jupyterlab/nbformat/-/nbformat-3.0.0-alpha.0.tgz",
            "integrity": "sha512-yWDT4gHVwnAAdDkXP7l3KMLQ/8cVYGx2+9VAmZ5i0yI+6vuJQHm1UvlhmHOFbw02jFefZcBF2YtD1eX/8M6wPA==",
            "requires": {
                "@lumino/coreutils": "^1.4.2"
            }
        },
        "@jupyterlab/observables": {
            "version": "4.0.0-alpha.0",
            "resolved": "https://registry.npmjs.org/@jupyterlab/observables/-/observables-4.0.0-alpha.0.tgz",
            "integrity": "sha512-VKzAgT0DWE0GCpboTZO1Ot/Z1houmOkyg4DRJQqXK6WuuoIzTYx+UQAc0C9e+8rxnzFxGu54dnFFJ/MvBAmFLg==",
            "requires": {
                "@lumino/algorithm": "^1.2.3",
                "@lumino/coreutils": "^1.4.2",
                "@lumino/disposable": "^1.3.5",
                "@lumino/messaging": "^1.3.3",
                "@lumino/signaling": "^1.3.5"
            }
        },
        "@jupyterlab/services": {
            "version": "6.0.0-alpha.0",
            "resolved": "https://registry.npmjs.org/@jupyterlab/services/-/services-6.0.0-alpha.0.tgz",
            "integrity": "sha512-lk09Et8pEMkePBVVUlc/NRR20Ld9GttxpaLtl+6N5MhHItCR3fLUav56apzXJx/V4Djj93X4UciQ8ZrvLgc9IA==",
            "requires": {
                "@jupyterlab/coreutils": "^5.0.0-alpha.0",
                "@jupyterlab/nbformat": "^3.0.0-alpha.0",
                "@jupyterlab/observables": "^4.0.0-alpha.0",
                "@jupyterlab/settingregistry": "^3.0.0-alpha.0",
                "@jupyterlab/statedb": "^3.0.0-alpha.0",
                "@lumino/algorithm": "^1.2.3",
                "@lumino/coreutils": "^1.4.2",
                "@lumino/disposable": "^1.3.5",
                "@lumino/polling": "^1.1.1",
                "@lumino/signaling": "^1.3.5",
                "node-fetch": "^2.6.0",
                "ws": "^7.2.0"
            }
        },
        "@jupyterlab/settingregistry": {
            "version": "3.0.0-alpha.0",
            "resolved": "https://registry.npmjs.org/@jupyterlab/settingregistry/-/settingregistry-3.0.0-alpha.0.tgz",
            "integrity": "sha512-PlN5M7I72dDlYhJfva5phNiddSKPUUEvuXGmW9+p0R31XnGIHOvORcJ5elHfb+wymQZe2BXaDq2/Ofp5k09ocg==",
            "requires": {
                "@jupyterlab/statedb": "^3.0.0-alpha.0",
                "@lumino/commands": "^1.10.1",
                "@lumino/coreutils": "^1.4.2",
                "@lumino/disposable": "^1.3.5",
                "@lumino/signaling": "^1.3.5",
                "ajv": "^6.10.2",
                "json5": "^2.1.1"
            }
        },
        "@jupyterlab/statedb": {
            "version": "3.0.0-alpha.0",
            "resolved": "https://registry.npmjs.org/@jupyterlab/statedb/-/statedb-3.0.0-alpha.0.tgz",
            "integrity": "sha512-h/PBnmXKEaRn6mTLwr10LXjJP55UIQ62x91BZDft9F7MDkw0wPYqYj5BiGPNgf4gc/i8kYlQnDhq8DpfzwgviQ==",
            "requires": {
                "@lumino/commands": "^1.10.1",
                "@lumino/coreutils": "^1.4.2",
                "@lumino/disposable": "^1.3.5",
                "@lumino/properties": "^1.1.6",
                "@lumino/signaling": "^1.3.5"
            }
        },
        "@lumino/algorithm": {
            "version": "1.3.2",
            "resolved": "https://registry.npmjs.org/@lumino/algorithm/-/algorithm-1.3.2.tgz",
            "integrity": "sha512-r2pfLvv0oamOK+iGJgvfpoFupJs656adSXiWZlUVO2TnHzlooHtzdF2NiOygCd9++gukcNOv/lSY2Gmun6lunw=="
        },
        "@lumino/collections": {
            "version": "1.3.2",
            "resolved": "https://registry.npmjs.org/@lumino/collections/-/collections-1.3.2.tgz",
            "integrity": "sha512-6ka08E9qZsTXBclwQZz1IfUCxo6G0V2Y8Gb0XPdXe0IzxqAtNmRMGIvRmEf3yKZa6wY6oCgyh5IhJS9km6bqVQ==",
            "requires": {
                "@lumino/algorithm": "^1.3.2"
            }
        },
        "@lumino/commands": {
            "version": "1.11.2",
            "resolved": "https://registry.npmjs.org/@lumino/commands/-/commands-1.11.2.tgz",
            "integrity": "sha512-d03EHTztfzftXwzrDhyfST1iIhfW6DXWuWJOBNtfKO5SMCPHgt11TvNRFbgUi9grj+iOFGSOyu7q6/epb0jY0Q==",
            "requires": {
                "@lumino/algorithm": "^1.3.2",
                "@lumino/coreutils": "^1.5.2",
                "@lumino/disposable": "^1.4.2",
                "@lumino/domutils": "^1.2.2",
                "@lumino/keyboard": "^1.2.2",
                "@lumino/signaling": "^1.4.2",
                "@lumino/virtualdom": "^1.7.2"
            }
        },
        "@lumino/coreutils": {
            "version": "1.5.2",
            "resolved": "https://registry.npmjs.org/@lumino/coreutils/-/coreutils-1.5.2.tgz",
            "integrity": "sha512-yLk507d5gONDjGLvU+bWHVisssDEigbZ1UmbCzaSaQ8DaK0WktscwqPbODh68cK8cobClx11xM7SPonqQtjX/Q=="
        },
        "@lumino/disposable": {
            "version": "1.4.2",
            "resolved": "https://registry.npmjs.org/@lumino/disposable/-/disposable-1.4.2.tgz",
            "integrity": "sha512-aXQvktpOT/NcUIU17bzbyv1l7Tk7F1EP6XRAF1it9E0PvNcYyutxSr5kIrV/u7PY7LAL2oYDih0X0gY8H8v5kg==",
            "requires": {
                "@lumino/algorithm": "^1.3.2",
                "@lumino/signaling": "^1.4.2"
            }
        },
        "@lumino/domutils": {
            "version": "1.2.2",
            "resolved": "https://registry.npmjs.org/@lumino/domutils/-/domutils-1.2.2.tgz",
            "integrity": "sha512-7m5TxYBlb1Dp84eBiW3gSIPTduMuxfq+FYUn77i03HyFrRo3m00afibBHtKPKXshSVwDRVI4QdvaTrtv3loo+g=="
        },
        "@lumino/keyboard": {
            "version": "1.2.2",
            "resolved": "https://registry.npmjs.org/@lumino/keyboard/-/keyboard-1.2.2.tgz",
            "integrity": "sha512-pQF2rsZZnAL+e2XaProTaAHHJxNXlzfDYYLKhrEIhaQlNduwU/GK1f/M8IFJ2+SFzEOvEIo9+v2jMtF4MlU2cg=="
        },
        "@lumino/messaging": {
            "version": "1.4.2",
            "resolved": "https://registry.npmjs.org/@lumino/messaging/-/messaging-1.4.2.tgz",
            "integrity": "sha512-3kgrCrCFxIqIdhaMbaQdsG1CD/bqiUIJue+5ZGoQKHk4rdalkwpvk5c+RcMlJIPbK2k2J6ytiQ535s4jkUCZ3Q==",
            "requires": {
                "@lumino/algorithm": "^1.3.2",
                "@lumino/collections": "^1.3.2"
            }
        },
        "@lumino/polling": {
            "version": "1.3.2",
            "resolved": "https://registry.npmjs.org/@lumino/polling/-/polling-1.3.2.tgz",
            "integrity": "sha512-qS5kcTyn/IEsKz05YQk4Vixim4viFDlQB8fBmdAX8R92ATCQ1YMuDZnmtzmCPmPg2EHqcI4ZwtcFsZ7iEcV7yw==",
            "requires": {
                "@lumino/coreutils": "^1.5.2",
                "@lumino/disposable": "^1.4.2",
                "@lumino/signaling": "^1.4.2"
            }
        },
        "@lumino/properties": {
            "version": "1.2.2",
            "resolved": "https://registry.npmjs.org/@lumino/properties/-/properties-1.2.2.tgz",
            "integrity": "sha512-5KzVhdoB9JP4ai74+198pACbC0JBRVRS59aKcHJmp7+cUKMpF3GawZXLVCNJrQ2Cam03lo2RBTCJvldT2VKR4g=="
        },
        "@lumino/signaling": {
            "version": "1.4.2",
            "resolved": "https://registry.npmjs.org/@lumino/signaling/-/signaling-1.4.2.tgz",
            "integrity": "sha512-U+T/m3iY7Oe1RR9wR/1d3DMZpNMcYdBeBzBx1l+dkdB5IEk28QqVcJDxZxyAJ7QuqXjWqvQew/SVuxyIDJWC7g==",
            "requires": {
                "@lumino/algorithm": "^1.3.2"
            }
        },
        "@lumino/virtualdom": {
            "version": "1.7.2",
            "resolved": "https://registry.npmjs.org/@lumino/virtualdom/-/virtualdom-1.7.2.tgz",
            "integrity": "sha512-HIeoT7ivFp4LcOB6Sqd0/9PLNgA4vHedBnEBnAHfohLUnLNih/MlPUz7lxGoyYmc+YYT5v/Ikyb6CwuEMQqLfw==",
            "requires": {
                "@lumino/algorithm": "^1.3.2"
            }
        },
        "ajv": {
            "version": "6.12.2",
            "resolved": "https://registry.npmjs.org/ajv/-/ajv-6.12.2.tgz",
            "integrity": "sha512-k+V+hzjm5q/Mr8ef/1Y9goCmlsK4I6Sm74teeyGvFk1XrOsbsKLjEdrvny42CZ+a8sXbk8KWpY/bDwS+FLL2UQ==",
            "requires": {
                "fast-deep-equal": "^3.1.1",
                "fast-json-stable-stringify": "^2.0.0",
                "json-schema-traverse": "^0.4.1",
                "uri-js": "^4.2.2"
            }
        },
        "balanced-match": {
            "version": "1.0.0",
            "resolved": "https://registry.npmjs.org/balanced-match/-/balanced-match-1.0.0.tgz",
            "integrity": "sha1-ibTRmasr7kneFk6gK4nORi1xt2c=",
            "dev": true
        },
        "brace-expansion": {
            "version": "1.1.11",
            "resolved": "https://registry.npmjs.org/brace-expansion/-/brace-expansion-1.1.11.tgz",
            "integrity": "sha512-iCuPHDFgrHX7H2vEI/5xpz07zSHB00TpugqhmYtVmMO6518mCuRMoOYFldEBl0g187ufozdaHgWKcYFb61qGiA==",
            "dev": true,
            "requires": {
                "balanced-match": "^1.0.0",
                "concat-map": "0.0.1"
            }
        },
        "concat-map": {
            "version": "0.0.1",
            "resolved": "https://registry.npmjs.org/concat-map/-/concat-map-0.0.1.tgz",
            "integrity": "sha1-2Klr13/Wjfd5OnMDajug1UBdR3s=",
            "dev": true
        },
        "crypto": {
            "version": "1.0.1",
            "resolved": "https://registry.npmjs.org/crypto/-/crypto-1.0.1.tgz",
            "integrity": "sha512-VxBKmeNcqQdiUQUW2Tzq0t377b54N2bMtXO/qiLa+6eRRmmC4qT3D4OnTGoT/U6O9aklQ/jTwbOtRMTTY8G0Ig=="
        },
        "fast-deep-equal": {
            "version": "3.1.3",
            "resolved": "https://registry.npmjs.org/fast-deep-equal/-/fast-deep-equal-3.1.3.tgz",
            "integrity": "sha512-f3qQ9oQy9j2AhBe/H9VC91wLmKBCCU/gDOnKNAYG5hswO7BLKj09Hc5HYNz9cGI++xlpDCIgDaitVs03ATR84Q=="
        },
        "fast-json-stable-stringify": {
            "version": "2.1.0",
            "resolved": "https://registry.npmjs.org/fast-json-stable-stringify/-/fast-json-stable-stringify-2.1.0.tgz",
            "integrity": "sha512-lhd/wF+Lk98HZoTCtlVraHtfh5XYijIjalXck7saUtuanSDyLMxnHhSXEDJqHxD7msR8D0uCmqlkwjCV8xvwHw=="
        },
        "fs.realpath": {
            "version": "1.0.0",
            "resolved": "https://registry.npmjs.org/fs.realpath/-/fs.realpath-1.0.0.tgz",
            "integrity": "sha1-FQStJSMVjKpA20onh8sBQRmU6k8=",
            "dev": true
        },
        "glob": {
            "version": "7.1.6",
            "resolved": "https://registry.npmjs.org/glob/-/glob-7.1.6.tgz",
            "integrity": "sha512-LwaxwyZ72Lk7vZINtNNrywX0ZuLyStrdDtabefZKAY5ZGJhVtgdznluResxNmPitE0SAO+O26sWTHeKSI2wMBA==",
            "dev": true,
            "requires": {
                "fs.realpath": "^1.0.0",
                "inflight": "^1.0.4",
                "inherits": "2",
                "minimatch": "^3.0.4",
                "once": "^1.3.0",
                "path-is-absolute": "^1.0.0"
            }
        },
        "inflight": {
            "version": "1.0.6",
            "resolved": "https://registry.npmjs.org/inflight/-/inflight-1.0.6.tgz",
            "integrity": "sha1-Sb1jMdfQLQwJvJEKEHW6gWW1bfk=",
            "dev": true,
            "requires": {
                "once": "^1.3.0",
                "wrappy": "1"
            }
        },
        "inherits": {
            "version": "2.0.4",
            "resolved": "https://registry.npmjs.org/inherits/-/inherits-2.0.4.tgz",
            "integrity": "sha512-k/vGaX4/Yla3WzyMCvTQOXYeIHvqOKtnqBduzTHpzpQZzAskKMhZ2K+EnBiSM9zGSoIFeMpXKxa4dYeZIQqewQ==",
            "dev": true
        },
        "json-schema-traverse": {
            "version": "0.4.1",
            "resolved": "https://registry.npmjs.org/json-schema-traverse/-/json-schema-traverse-0.4.1.tgz",
            "integrity": "sha512-xbbCH5dCYU5T8LcEhhuh7HJ88HXuW3qsI3Y0zOZFKfZEHcpWiHU/Jxzk629Brsab/mMiHQti9wMP+845RPe3Vg=="
        },
        "json5": {
            "version": "2.1.3",
            "resolved": "https://registry.npmjs.org/json5/-/json5-2.1.3.tgz",
            "integrity": "sha512-KXPvOm8K9IJKFM0bmdn8QXh7udDh1g/giieX0NLCaMnb4hEiVFqnop2ImTXCc5e0/oHz3LTqmHGtExn5hfMkOA==",
            "requires": {
                "minimist": "^1.2.5"
            }
        },
        "minimatch": {
            "version": "3.0.4",
            "resolved": "https://registry.npmjs.org/minimatch/-/minimatch-3.0.4.tgz",
            "integrity": "sha512-yJHVQEhyqPLUTgt9B83PXu6W3rx4MvvHvSUvToogpwoGDOUQ+yDrR0HRot+yOCdCO7u4hX3pWft6kWBBcqh0UA==",
            "dev": true,
            "requires": {
                "brace-expansion": "^1.1.7"
            }
        },
        "minimist": {
            "version": "1.2.5",
            "resolved": "https://registry.npmjs.org/minimist/-/minimist-1.2.5.tgz",
            "integrity": "sha512-FM9nNUYrRBAELZQT3xeZQ7fmMOBg6nWNmJKTcgsJeaLstP/UODVpGsr5OhXhhXg6f+qtJ8uiZ+PUxkDWcgIXLw=="
        },
        "moment": {
            "version": "2.29.4",
            "resolved": "https://registry.npmjs.org/moment/-/moment-2.29.4.tgz",
            "integrity": "sha512-5LC9SOxjSc2HF6vO2CyuTDNivEdoz2IvyJJGj6X8DJ0eFyfszE0QiEd+iXmBvUP3WHxSjFH/vIsA0EN00cgr8w=="
        },
        "node-fetch": {
            "version": "2.6.0",
            "resolved": "https://registry.npmjs.org/node-fetch/-/node-fetch-2.6.0.tgz",
            "integrity": "sha512-8dG4H5ujfvFiqDmVu9fQ5bOHUC15JMjMY/Zumv26oOvvVJjM67KF8koCWIabKQ1GJIa9r2mMZscBq/TbdOcmNA=="
        },
        "once": {
            "version": "1.4.0",
            "resolved": "https://registry.npmjs.org/once/-/once-1.4.0.tgz",
            "integrity": "sha1-WDsap3WWHUsROsF9nFC6753Xa9E=",
            "dev": true,
            "requires": {
                "wrappy": "1"
            }
        },
        "path-is-absolute": {
            "version": "1.0.1",
            "resolved": "https://registry.npmjs.org/path-is-absolute/-/path-is-absolute-1.0.1.tgz",
            "integrity": "sha1-F0uSaHNVNP+8es5r9TpanhtcX18=",
            "dev": true
        },
        "path-posix": {
            "version": "1.0.0",
            "resolved": "https://registry.npmjs.org/path-posix/-/path-posix-1.0.0.tgz",
            "integrity": "sha1-BrJhE/Vr6rBCVFojv6iAA8ysJg8="
        },
        "punycode": {
            "version": "2.1.1",
            "resolved": "https://registry.npmjs.org/punycode/-/punycode-2.1.1.tgz",
            "integrity": "sha512-XRsRjdf+j5ml+y/6GKHPZbrF/8p2Yga0JPtdqTIY2Xe5ohJPD9saDJJLPvp9+NSBprVvevdXZybnj2cv8OEd0A=="
        },
        "querystringify": {
            "version": "2.1.1",
            "resolved": "https://registry.npmjs.org/querystringify/-/querystringify-2.1.1.tgz",
            "integrity": "sha512-w7fLxIRCRT7U8Qu53jQnJyPkYZIaR4n5151KMfcJlO/A9397Wxb1amJvROTK6TOnp7PfoAmg/qXiNHI+08jRfA=="
        },
        "requires-port": {
            "version": "1.0.0",
            "resolved": "https://registry.npmjs.org/requires-port/-/requires-port-1.0.0.tgz",
            "integrity": "sha1-kl0mAdOaxIXgkc8NpcbmlNw9yv8="
        },
        "rimraf": {
            "version": "3.0.2",
            "resolved": "https://registry.npmjs.org/rimraf/-/rimraf-3.0.2.tgz",
            "integrity": "sha512-JZkJMZkAGFFPP2YqXZXPbMlMBgsxzE8ILs4lMIX/2o0L9UBw9O/Y3o6wFw/i9YLapcUJWwqbi3kdxIPdC62TIA==",
            "dev": true,
            "requires": {
                "glob": "^7.1.3"
            }
        },
        "uri-js": {
            "version": "4.2.2",
            "resolved": "https://registry.npmjs.org/uri-js/-/uri-js-4.2.2.tgz",
            "integrity": "sha512-KY9Frmirql91X2Qgjry0Wd4Y+YTdrdZheS8TFwvkbLWf/G5KNJDCh6pKL5OZctEW4+0Baa5idK2ZQuELRwPznQ==",
            "requires": {
                "punycode": "^2.1.0"
            }
        },
        "url-parse": {
            "version": "1.4.7",
            "resolved": "https://registry.npmjs.org/url-parse/-/url-parse-1.4.7.tgz",
            "integrity": "sha512-d3uaVyzDB9tQoSXFvuSUNFibTd9zxd2bkVrDRvF5TmvWWQwqE4lgYJ5m+x1DbecWkw+LK4RNl2CU1hHuOKPVlg==",
            "requires": {
                "querystringify": "^2.1.1",
                "requires-port": "^1.0.0"
            }
        },
        "wrappy": {
            "version": "1.0.2",
            "resolved": "https://registry.npmjs.org/wrappy/-/wrappy-1.0.2.tgz",
            "integrity": "sha1-tSQ9jz7BqjXxNkYFvA0QNuMKtp8=",
            "dev": true
        },
        "ws": {
            "version": "7.3.0",
            "resolved": "https://registry.npmjs.org/ws/-/ws-7.3.0.tgz",
            "integrity": "sha512-iFtXzngZVXPGgpTlP1rBqsUK82p9tKqsWRPg5L56egiljujJT3vGAYnHANvFxBieXrTFavhzhxW52jnaWV+w2w=="
        }
    }
}
